
Microsoft Visual Studio Solution File, Format Version 12.00
# Visual Studio Version 16
VisualStudioVersion = 16.0.29326.143
MinimumVisualStudioVersion = 10.0.40219.1
Project("{2150E333-8FDC-42A3-9474-1A3956D46DE8}") = "Microservices", "Microservices", "{6811370E-7BA9-4689-83AA-90A9815AB788}"
EndProject
Project("{2150E333-8FDC-42A3-9474-1A3956D46DE8}") = "Domain", "Domain", "{5D9A3664-B528-4EA8-9969-8D8167B06AC3}"
EndProject
Project("{2150E333-8FDC-42A3-9474-1A3956D46DE8}") = "Presentation", "Presentation", "{43B32DF3-8589-43C2-B3CA-42DEDBCBD4A8}"
EndProject
Project("{2150E333-8FDC-42A3-9474-1A3956D46DE8}") = "Infra.Bus", "Infra.Bus", "{77F5F0E8-7185-4522-8FC9-8EAB27EE1FDF}"
EndProject
Project("{2150E333-8FDC-42A3-9474-1A3956D46DE8}") = "Infra.IoC", "Infra.IoC", "{49AF2B61-73A8-4A3C-8B47-A213F760C0A1}"
EndProject
Project("{FAE04EC0-301F-11D3-BF4B-00C04F79EFBC}") = "MicroRabbit.Domain.Core", "MicroRabbit.Domain.Core\MicroRabbit.Domain.Core.csproj", "{29790ABE-03F2-4261-A5F5-10C9744FE3BD}"
EndProject
Global
	GlobalSection(SolutionConfigurationPlatforms) = preSolution
		Debug|Any CPU = Debug|Any CPU
		Release|Any CPU = Release|Any CPU
	EndGlobalSection
	GlobalSection(ProjectConfigurationPlatforms) = postSolution
		{29790ABE-03F2-4261-A5F5-10C9744FE3BD}.Debug|Any CPU.ActiveCfg = Debug|Any CPU
		{29790ABE-03F2-4261-A5F5-10C9744FE3BD}.Debug|Any CPU.Build.0 = Debug|Any CPU
		{29790ABE-03F2-4261-A5F5-10C9744FE3BD}.Release|Any CPU.ActiveCfg = Release|Any CPU
		{29790ABE-03F2-4261-A5F5-10C9744FE3BD}.Release|Any CPU.Build.0 = Release|Any CPU
	EndGlobalSection
	GlobalSection(SolutionProperties) = preSolution
		HideSolutionNode = FALSE
	EndGlobalSection
	GlobalSection(NestedProjects) = preSolution
		{29790ABE-03F2-4261-A5F5-10C9744FE3BD} = {5D9A3664-B528-4EA8-9969-8D8167B06AC3}
	EndGlobalSection
	GlobalSection(ExtensibilityGlobals) = postSolution
		SolutionGuid = {9A5B2037-6623-4E5A-8C96-02260108735F}
	EndGlobalSection
EndGlobal
