
Microsoft Visual Studio Solution File, Format Version 12.00
# Visual Studio Version 16
VisualStudioVersion = 16.0.29326.143
MinimumVisualStudioVersion = 10.0.40219.1
Project("{2150E333-8FDC-42A3-9474-1A3956D46DE8}") = "Microservices", "Microservices", "{6811370E-7BA9-4689-83AA-90A9815AB788}"
EndProject
Project("{2150E333-8FDC-42A3-9474-1A3956D46DE8}") = "Domain", "Domain", "{5D9A3664-B528-4EA8-9969-8D8167B06AC3}"
EndProject
Project("{2150E333-8FDC-42A3-9474-1A3956D46DE8}") = "Presentation", "Presentation", "{43B32DF3-8589-43C2-B3CA-42DEDBCBD4A8}"
EndProject
Project("{2150E333-8FDC-42A3-9474-1A3956D46DE8}") = "Infra.Bus", "Infra.Bus", "{77F5F0E8-7185-4522-8FC9-8EAB27EE1FDF}"
EndProject
Project("{2150E333-8FDC-42A3-9474-1A3956D46DE8}") = "Infra.IoC", "Infra.IoC", "{49AF2B61-73A8-4A3C-8B47-A213F760C0A1}"
EndProject
Project("{9A19103F-16F7-4668-BE54-9A1E7A4F7556}") = "MicroRabbit.Domain.Core", "MicroRabbit.Domain.Core\MicroRabbit.Domain.Core.csproj", "{29790ABE-03F2-4261-A5F5-10C9744FE3BD}"
EndProject
Project("{9A19103F-16F7-4668-BE54-9A1E7A4F7556}") = "MicroRabbit.Infra.Bus", "MicroRabbit.Infra.Bus\MicroRabbit.Infra.Bus.csproj", "{88CA5B62-65A7-4889-90A2-1849CAD6ED6D}"
EndProject
Project("{9A19103F-16F7-4668-BE54-9A1E7A4F7556}") = "MicroRabbit.Infra.IoC", "MicroRabbit.Infra.IoC\MicroRabbit.Infra.IoC.csproj", "{706FCCC5-51E8-4AA6-8A91-2B8D2C3F71BC}"
EndProject
Project("{2150E333-8FDC-42A3-9474-1A3956D46DE8}") = "Banking", "Banking", "{62C4E957-C312-41A4-94B7-9F7484DD08B4}"
EndProject
Project("{2150E333-8FDC-42A3-9474-1A3956D46DE8}") = "Api", "Api", "{27F47D0E-8137-4020-BF47-4BC63A9148ED}"
EndProject
Project("{2150E333-8FDC-42A3-9474-1A3956D46DE8}") = "Domain", "Domain", "{67D09F72-A101-4BB4-99F0-89CA7D9AD401}"
EndProject
Project("{2150E333-8FDC-42A3-9474-1A3956D46DE8}") = "Application", "Application", "{B5800F2D-A0CE-4E9A-9FCC-8F375390E5D8}"
EndProject
Project("{2150E333-8FDC-42A3-9474-1A3956D46DE8}") = "Data", "Data", "{920FA935-884D-4930-AE0C-5A8DDA1C9E94}"
EndProject
Project("{FAE04EC0-301F-11D3-BF4B-00C04F79EFBC}") = "MicroRabbit.Banking.Api", "MicroRabbit.Banking.Api\MicroRabbit.Banking.Api.csproj", "{F44A896F-F985-4DC2-8C91-C62944C46678}"
EndProject
Project("{FAE04EC0-301F-11D3-BF4B-00C04F79EFBC}") = "MicroRabbit.Banking.Application", "MicroRabbit.Banking.Application\MicroRabbit.Banking.Application.csproj", "{2193AEA8-FB9A-4AFD-8E81-F6649E397584}"
EndProject
Project("{FAE04EC0-301F-11D3-BF4B-00C04F79EFBC}") = "MicroRabbit.Banking.Data", "MicroRabbit.Banking.Data\MicroRabbit.Banking.Data.csproj", "{531003D9-22AC-42F2-B36A-65EF1E0B73D9}"
EndProject
Project("{FAE04EC0-301F-11D3-BF4B-00C04F79EFBC}") = "MicroRabbit.Banking.Domain", "MicroRabbit.Banking.Domain\MicroRabbit.Banking.Domain.csproj", "{7A64CC3F-2634-4F34-A367-2FDDFADA531F}"
EndProject
Global
	GlobalSection(SolutionConfigurationPlatforms) = preSolution
		Debug|Any CPU = Debug|Any CPU
		Release|Any CPU = Release|Any CPU
	EndGlobalSection
	GlobalSection(ProjectConfigurationPlatforms) = postSolution
		{29790ABE-03F2-4261-A5F5-10C9744FE3BD}.Debug|Any CPU.ActiveCfg = Debug|Any CPU
		{29790ABE-03F2-4261-A5F5-10C9744FE3BD}.Debug|Any CPU.Build.0 = Debug|Any CPU
		{29790ABE-03F2-4261-A5F5-10C9744FE3BD}.Release|Any CPU.ActiveCfg = Release|Any CPU
		{29790ABE-03F2-4261-A5F5-10C9744FE3BD}.Release|Any CPU.Build.0 = Release|Any CPU
		{88CA5B62-65A7-4889-90A2-1849CAD6ED6D}.Debug|Any CPU.ActiveCfg = Debug|Any CPU
		{88CA5B62-65A7-4889-90A2-1849CAD6ED6D}.Debug|Any CPU.Build.0 = Debug|Any CPU
		{88CA5B62-65A7-4889-90A2-1849CAD6ED6D}.Release|Any CPU.ActiveCfg = Release|Any CPU
		{88CA5B62-65A7-4889-90A2-1849CAD6ED6D}.Release|Any CPU.Build.0 = Release|Any CPU
		{706FCCC5-51E8-4AA6-8A91-2B8D2C3F71BC}.Debug|Any CPU.ActiveCfg = Debug|Any CPU
		{706FCCC5-51E8-4AA6-8A91-2B8D2C3F71BC}.Debug|Any CPU.Build.0 = Debug|Any CPU
		{706FCCC5-51E8-4AA6-8A91-2B8D2C3F71BC}.Release|Any CPU.ActiveCfg = Release|Any CPU
		{706FCCC5-51E8-4AA6-8A91-2B8D2C3F71BC}.Release|Any CPU.Build.0 = Release|Any CPU
		{F44A896F-F985-4DC2-8C91-C62944C46678}.Debug|Any CPU.ActiveCfg = Debug|Any CPU
		{F44A896F-F985-4DC2-8C91-C62944C46678}.Debug|Any CPU.Build.0 = Debug|Any CPU
		{F44A896F-F985-4DC2-8C91-C62944C46678}.Release|Any CPU.ActiveCfg = Release|Any CPU
		{F44A896F-F985-4DC2-8C91-C62944C46678}.Release|Any CPU.Build.0 = Release|Any CPU
		{2193AEA8-FB9A-4AFD-8E81-F6649E397584}.Debug|Any CPU.ActiveCfg = Debug|Any CPU
		{2193AEA8-FB9A-4AFD-8E81-F6649E397584}.Debug|Any CPU.Build.0 = Debug|Any CPU
		{2193AEA8-FB9A-4AFD-8E81-F6649E397584}.Release|Any CPU.ActiveCfg = Release|Any CPU
		{2193AEA8-FB9A-4AFD-8E81-F6649E397584}.Release|Any CPU.Build.0 = Release|Any CPU
		{531003D9-22AC-42F2-B36A-65EF1E0B73D9}.Debug|Any CPU.ActiveCfg = Debug|Any CPU
		{531003D9-22AC-42F2-B36A-65EF1E0B73D9}.Debug|Any CPU.Build.0 = Debug|Any CPU
		{531003D9-22AC-42F2-B36A-65EF1E0B73D9}.Release|Any CPU.ActiveCfg = Release|Any CPU
		{531003D9-22AC-42F2-B36A-65EF1E0B73D9}.Release|Any CPU.Build.0 = Release|Any CPU
		{7A64CC3F-2634-4F34-A367-2FDDFADA531F}.Debug|Any CPU.ActiveCfg = Debug|Any CPU
		{7A64CC3F-2634-4F34-A367-2FDDFADA531F}.Debug|Any CPU.Build.0 = Debug|Any CPU
		{7A64CC3F-2634-4F34-A367-2FDDFADA531F}.Release|Any CPU.ActiveCfg = Release|Any CPU
		{7A64CC3F-2634-4F34-A367-2FDDFADA531F}.Release|Any CPU.Build.0 = Release|Any CPU
	EndGlobalSection
	GlobalSection(SolutionProperties) = preSolution
		HideSolutionNode = FALSE
	EndGlobalSection
	GlobalSection(NestedProjects) = preSolution
		{29790ABE-03F2-4261-A5F5-10C9744FE3BD} = {5D9A3664-B528-4EA8-9969-8D8167B06AC3}
		{88CA5B62-65A7-4889-90A2-1849CAD6ED6D} = {77F5F0E8-7185-4522-8FC9-8EAB27EE1FDF}
		{706FCCC5-51E8-4AA6-8A91-2B8D2C3F71BC} = {49AF2B61-73A8-4A3C-8B47-A213F760C0A1}
		{62C4E957-C312-41A4-94B7-9F7484DD08B4} = {6811370E-7BA9-4689-83AA-90A9815AB788}
		{27F47D0E-8137-4020-BF47-4BC63A9148ED} = {62C4E957-C312-41A4-94B7-9F7484DD08B4}
		{67D09F72-A101-4BB4-99F0-89CA7D9AD401} = {62C4E957-C312-41A4-94B7-9F7484DD08B4}
		{B5800F2D-A0CE-4E9A-9FCC-8F375390E5D8} = {62C4E957-C312-41A4-94B7-9F7484DD08B4}
		{920FA935-884D-4930-AE0C-5A8DDA1C9E94} = {62C4E957-C312-41A4-94B7-9F7484DD08B4}
		{F44A896F-F985-4DC2-8C91-C62944C46678} = {27F47D0E-8137-4020-BF47-4BC63A9148ED}
		{2193AEA8-FB9A-4AFD-8E81-F6649E397584} = {B5800F2D-A0CE-4E9A-9FCC-8F375390E5D8}
		{531003D9-22AC-42F2-B36A-65EF1E0B73D9} = {920FA935-884D-4930-AE0C-5A8DDA1C9E94}
		{7A64CC3F-2634-4F34-A367-2FDDFADA531F} = {67D09F72-A101-4BB4-99F0-89CA7D9AD401}
	EndGlobalSection
	GlobalSection(ExtensibilityGlobals) = postSolution
		SolutionGuid = {9A5B2037-6623-4E5A-8C96-02260108735F}
	EndGlobalSection
EndGlobal
